
Microsoft Visual Studio Solution File, Format Version 12.00
# Visual Studio Version 16
VisualStudioVersion = 16.0.34301.259
MinimumVisualStudioVersion = 10.0.40219.1
Project("{FAE04EC0-301F-11D3-BF4B-00C04F79EFBC}") = "FpMatchFrom", "FpMatchFrom\FpMatchFrom.csproj", "{33EFF280-DF9B-4AC6-85F7-3CEFC43D3B5A}"
EndProject
Project("{FAE04EC0-301F-11D3-BF4B-00C04F79EFBC}") = "FpMatchLib", "FpMatchLib\FpMatchLib.csproj", "{A1CAF8A2-F869-4B29-9BEA-77B9AB23537E}"
EndProject
Global
	GlobalSection(SolutionConfigurationPlatforms) = preSolution
		Debug|Any CPU = Debug|Any CPU
		Release|Any CPU = Release|Any CPU
	EndGlobalSection
	GlobalSection(ProjectConfigurationPlatforms) = postSolution
		{33EFF280-DF9B-4AC6-85F7-3CEFC43D3B5A}.Debug|Any CPU.ActiveCfg = Debug|Any CPU
		{33EFF280-DF9B-4AC6-85F7-3CEFC43D3B5A}.Debug|Any CPU.Build.0 = Debug|Any CPU
		{33EFF280-DF9B-4AC6-85F7-3CEFC43D3B5A}.Release|Any CPU.ActiveCfg = Release|Any CPU
		{33EFF280-DF9B-4AC6-85F7-3CEFC43D3B5A}.Release|Any CPU.Build.0 = Release|Any CPU
		{A1CAF8A2-F869-4B29-9BEA-77B9AB23537E}.Debug|Any CPU.ActiveCfg = Debug|Any CPU
		{A1CAF8A2-F869-4B29-9BEA-77B9AB23537E}.Debug|Any CPU.Build.0 = Debug|Any CPU
		{A1CAF8A2-F869-4B29-9BEA-77B9AB23537E}.Release|Any CPU.ActiveCfg = Release|Any CPU
		{A1CAF8A2-F869-4B29-9BEA-77B9AB23537E}.Release|Any CPU.Build.0 = Release|Any CPU
	EndGlobalSection
	GlobalSection(SolutionProperties) = preSolution
		HideSolutionNode = FALSE
	EndGlobalSection
	GlobalSection(ExtensibilityGlobals) = postSolution
		SolutionGuid = {34BF1A40-551F-4CE5-AD56-02EA7BE7D743}
	EndGlobalSection
EndGlobal
